{
  "version": 4,
  "terraform_version": "1.4.2",
  "serial": 24,
  "lineage": "2da881a6-50be-295d-a357-4aa4e57c8c94",
  "outputs": {
    "azureSQL": {
      "value": "project1bdii-sqlserver.database.windows.net",
      "type": "string"
    },
    "cassandra_connectionstring": {
      "value": [
        "AccountEndpoint=https://tfex-cosmos-db-31154.documents.azure.com:443/;AccountKey=C2A2lQkldr8Rx6Uzw6p85GtL5tpBlBx79PB8KShzbQ0q1Zk8xTWzmLisViXYwFagSenr8PoPnEN4ACDbnKKI5g==;",
        "AccountEndpoint=https://tfex-cosmos-db-31154.documents.azure.com:443/;AccountKey=RvR4DbYUx3LfjPGRzDPOTkIruGggzqaEGrsWzxUcphwtcNsvryJgCIY4M4VPPgq0pmp7GCTeBu6HACDbt8Csvw==;",
        "AccountEndpoint=https://tfex-cosmos-db-31154.documents.azure.com:443/;AccountKey=58bAYo9hDLm0zEVy5lTKKynXwQ7ag5tSxDHNh8YXhTLBLHEh3ioHvSuXd2tUbkDFEwr7g5o2tW3mACDbMb7ypA==;",
        "AccountEndpoint=https://tfex-cosmos-db-31154.documents.azure.com:443/;AccountKey=UlOSpDEvQ02CN8h4KliXcZfWAmIP2fi5RaetLQ3wjqJvyscAVpCrY1NUICzs7lTlbJNtHQgJCgluACDbVE4lAA==;",
        "HostName=tfex-cosmos-db-31154.cassandra.cosmos.azure.com;Username=tfex-cosmos-db-31154;Password=C2A2lQkldr8Rx6Uzw6p85GtL5tpBlBx79PB8KShzbQ0q1Zk8xTWzmLisViXYwFagSenr8PoPnEN4ACDbnKKI5g==;Port=10350",
        "HostName=tfex-cosmos-db-31154.cassandra.cosmos.azure.com;Username=tfex-cosmos-db-31154;Password=RvR4DbYUx3LfjPGRzDPOTkIruGggzqaEGrsWzxUcphwtcNsvryJgCIY4M4VPPgq0pmp7GCTeBu6HACDbt8Csvw==;Port=10350",
        "HostName=tfex-cosmos-db-31154.cassandra.cosmos.azure.com;Username=tfex-cosmos-db-31154;Password=58bAYo9hDLm0zEVy5lTKKynXwQ7ag5tSxDHNh8YXhTLBLHEh3ioHvSuXd2tUbkDFEwr7g5o2tW3mACDbMb7ypA==;Port=10350",
        "HostName=tfex-cosmos-db-31154.cassandra.cosmos.azure.com;Username=tfex-cosmos-db-31154;Password=UlOSpDEvQ02CN8h4KliXcZfWAmIP2fi5RaetLQ3wjqJvyscAVpCrY1NUICzs7lTlbJNtHQgJCgluACDbVE4lAA==;Port=10350"
      ],
      "type": [
        "list",
        "string"
      ],
      "sensitive": true
    },
    "cassandra_endpoint": {
      "value": "https://tfex-cosmos-db-31154.documents.azure.com:443/",
      "type": "string"
    },
    "container_fqdn": {
      "value": [
        "main-app.thankfulmeadow-0ffb8b59.eastus.azurecontainerapps.io"
      ],
      "type": [
        "list",
        "string"
      ]
    },
    "container_outbound_ip_addresses": {
      "value": [
        "52.224.76.43"
      ],
      "type": [
        "list",
        "string"
      ]
    },
    "instance_ip_addr": {
      "value": "52.188.19.24",
      "type": "string"
    }
  },
  "resources": [
    {
      "mode": "data",
      "type": "azurerm_client_config",
      "name": "main",
      "provider": "provider[\"registry.terraform.io/hashicorp/azurerm\"]",
      "instances": [
        {
          "schema_version": 0,
          "attributes": {
            "client_id": "04b07795-8ddb-461a-bbee-02f9e1bf7b46",
            "id": "Y2xpZW50Q29uZmlncy9jbGllbnRJZD0wNGIwNzc5NS04ZGRiLTQ2MWEtYmJlZS0wMmY5ZTFiZjdiNDY7b2JqZWN0SWQ9MjFlYTg0ZDEtMmM2MS00NDA4LTk5ZmMtN2NmMjQ1NWQyYjBhO3N1YnNjcmlwdGlvbklkPTMxZDhhZDhmLTY5NTktNGFlNS1iMDczLTY2Njg4ZDFjZjExMDt0ZW5hbnRJZD1iZmNmMWQ5ZC05M2VhLTQzYjEtYjkwMi0xZGFhNjhhNjQyNDg=",
            "object_id": "21ea84d1-2c61-4408-99fc-7cf2455d2b0a",
            "subscription_id": "31d8ad8f-6959-4ae5-b073-66688d1cf110",
            "tenant_id": "bfcf1d9d-93ea-43b1-b902-1daa68a64248",
            "timeouts": null
          },
          "sensitive_attributes": []
        }
      ]
    },
    {
      "mode": "data",
      "type": "azurerm_subscription",
      "name": "main",
      "provider": "provider[\"registry.terraform.io/hashicorp/azurerm\"]",
      "instances": [
        {
          "schema_version": 0,
          "attributes": {
            "display_name": "Azure for Students",
            "id": "/subscriptions/31d8ad8f-6959-4ae5-b073-66688d1cf110",
            "location_placement_id": "Public_2014-09-01",
            "quota_id": "AzureForStudents_2018-01-01",
            "spending_limit": "On",
            "state": "Enabled",
            "subscription_id": "31d8ad8f-6959-4ae5-b073-66688d1cf110",
            "tags": {},
            "tenant_id": "bfcf1d9d-93ea-43b1-b902-1daa68a64248",
            "timeouts": null
          },
          "sensitive_attributes": []
        }
      ]
    },
    {
      "mode": "managed",
      "type": "azurerm_container_app",
      "name": "main",
      "provider": "provider[\"registry.terraform.io/hashicorp/azurerm\"]",
      "instances": [
        {
          "schema_version": 0,
          "attributes": {
            "container_app_environment_id": "/subscriptions/31d8ad8f-6959-4ae5-b073-66688d1cf110/resourceGroups/ic4302-project1bdii/providers/Microsoft.App/managedEnvironments/main",
            "custom_domain_verification_id": "5C92DEE29D1F37B5DBF974A434D880A3B56374030946355B4AA049FC10FE48BC",
            "dapr": [],
            "id": "/subscriptions/31d8ad8f-6959-4ae5-b073-66688d1cf110/resourceGroups/ic4302-project1bdii/providers/Microsoft.App/containerApps/main-app",
            "identity": [
              {
                "identity_ids": [
                  "/subscriptions/31d8ad8f-6959-4ae5-b073-66688d1cf110/resourceGroups/ic4302-project1bdii/providers/Microsoft.ManagedIdentity/userAssignedIdentities/owneraccess"
                ],
                "principal_id": "",
                "tenant_id": "",
                "type": "UserAssigned"
              }
            ],
            "ingress": [
              {
                "allow_insecure_connections": true,
                "custom_domain": [],
                "external_enabled": true,
                "fqdn": "main-app.thankfulmeadow-0ffb8b59.eastus.azurecontainerapps.io",
                "target_port": 5000,
                "traffic_weight": [
                  {
                    "label": "",
                    "latest_revision": true,
                    "percentage": 100,
                    "revision_suffix": ""
                  }
                ],
                "transport": "auto"
              }
            ],
            "latest_revision_fqdn": "main-app--nmi1xnv.thankfulmeadow-0ffb8b59.eastus.azurecontainerapps.io",
            "latest_revision_name": "main-app--nmi1xnv",
            "location": "eastus",
            "name": "main-app",
            "outbound_ip_addresses": [
              "52.224.76.43"
            ],
            "registry": [],
            "resource_group_name": "ic4302-project1bdii",
            "revision_mode": "Single",
            "secret": [],
            "tags": {},
            "template": [
              {
                "container": [
                  {
                    "args": [],
                    "command": [],
                    "cpu": 0.25,
                    "env": [
                      {
                        "name": "APPINSIGHTS_KEY",
                        "secret_name": "",
                        "value": "6865b59c-1168-4526-a97a-5d0f01ee4bf6"
                      },
                      {
                        "name": "SQLAZURECONNSTR_WWIF",
                        "secret_name": "",
                        "value": "DRIVER={ODBC Driver 17 for SQL Server};SERVER=project1bdii-sqlserver.database.windows.net;DATABASE=db01;UID=PythonWebApp;PWD=a987REALLY#$%TRONGpa44w0rd"
                      },
                      {
                        "name": "SQLAZURECONNSTR_WWIF",
                        "secret_name": "",
                        "value": "DRIVER={ODBC Driver 17 for SQL Server};SERVER=project1bdii-sqlserver.database.windows.net;DATABASE=db01;UID=PythonWebApp;PWD=a987REALLY#$%TRONGpa44w0rd"
                      }
                    ],
                    "ephemeral_storage": "1Gi",
                    "image": "docker.io/kenfabguzram/restful-api:latest",
                    "liveness_probe": [],
                    "memory": "0.5Gi",
                    "name": "api-demo",
                    "readiness_probe": [],
                    "startup_probe": [],
                    "volume_mounts": []
                  }
                ],
                "max_replicas": 10,
                "min_replicas": 0,
                "revision_suffix": "",
                "volume": []
              }
            ],
            "timeouts": null
          },
          "sensitive_attributes": [],
          "private": "eyJlMmJmYjczMC1lY2FhLTExZTYtOGY4OC0zNDM2M2JjN2M0YzAiOnsiY3JlYXRlIjoxODAwMDAwMDAwMDAwLCJkZWxldGUiOjE4MDAwMDAwMDAwMDAsInJlYWQiOjMwMDAwMDAwMDAwMCwidXBkYXRlIjoxODAwMDAwMDAwMDAwfX0=",
          "dependencies": [
            "azurerm_container_app_environment.main",
            "azurerm_resource_group.main",
            "azurerm_user_assigned_identity.main"
          ]
        }
      ]
    },
    {
      "mode": "managed",
      "type": "azurerm_container_app_environment",
      "name": "main",
      "provider": "provider[\"registry.terraform.io/hashicorp/azurerm\"]",
      "instances": [
        {
          "schema_version": 0,
          "attributes": {
            "default_domain": "thankfulmeadow-0ffb8b59.eastus.azurecontainerapps.io",
            "docker_bridge_cidr": "",
            "id": "/subscriptions/31d8ad8f-6959-4ae5-b073-66688d1cf110/resourceGroups/ic4302-project1bdii/providers/Microsoft.App/managedEnvironments/main",
            "infrastructure_subnet_id": "",
            "internal_load_balancer_enabled": false,
            "location": "eastus",
            "log_analytics_workspace_id": "/subscriptions/31d8ad8f-6959-4ae5-b073-66688d1cf110/resourceGroups/ic4302-project1bdii/providers/Microsoft.OperationalInsights/workspaces/main-app",
            "name": "main",
            "platform_reserved_cidr": "",
            "platform_reserved_dns_ip_address": "",
            "resource_group_name": "ic4302-project1bdii",
            "static_ip_address": "52.226.50.6",
            "tags": {},
            "timeouts": null
          },
          "sensitive_attributes": [],
          "private": "eyJlMmJmYjczMC1lY2FhLTExZTYtOGY4OC0zNDM2M2JjN2M0YzAiOnsiY3JlYXRlIjoxODAwMDAwMDAwMDAwLCJkZWxldGUiOjE4MDAwMDAwMDAwMDAsInJlYWQiOjMwMDAwMDAwMDAwMCwidXBkYXRlIjoxODAwMDAwMDAwMDAwfX0=",
          "dependencies": [
            "azurerm_log_analytics_workspace.main",
            "azurerm_resource_group.main"
          ]
        }
      ]
    },
    {
      "mode": "managed",
      "type": "azurerm_cosmosdb_account",
      "name": "main",
      "provider": "provider[\"registry.terraform.io/hashicorp/azurerm\"]",
      "instances": [
        {
          "schema_version": 0,
          "attributes": {
            "access_key_metadata_writes_enabled": true,
            "analytical_storage": [
              {
                "schema_type": "WellDefined"
              }
            ],
            "analytical_storage_enabled": false,
            "backup": [
              {
                "interval_in_minutes": 240,
                "retention_in_hours": 8,
                "storage_redundancy": "Geo",
                "type": "Periodic"
              }
            ],
            "capabilities": [
              {
                "name": "EnableCassandra"
              }
            ],
            "capacity": [],
            "connection_strings": [
              "AccountEndpoint=https://tfex-cosmos-db-31154.documents.azure.com:443/;AccountKey=C2A2lQkldr8Rx6Uzw6p85GtL5tpBlBx79PB8KShzbQ0q1Zk8xTWzmLisViXYwFagSenr8PoPnEN4ACDbnKKI5g==;",
              "AccountEndpoint=https://tfex-cosmos-db-31154.documents.azure.com:443/;AccountKey=RvR4DbYUx3LfjPGRzDPOTkIruGggzqaEGrsWzxUcphwtcNsvryJgCIY4M4VPPgq0pmp7GCTeBu6HACDbt8Csvw==;",
              "AccountEndpoint=https://tfex-cosmos-db-31154.documents.azure.com:443/;AccountKey=58bAYo9hDLm0zEVy5lTKKynXwQ7ag5tSxDHNh8YXhTLBLHEh3ioHvSuXd2tUbkDFEwr7g5o2tW3mACDbMb7ypA==;",
              "AccountEndpoint=https://tfex-cosmos-db-31154.documents.azure.com:443/;AccountKey=UlOSpDEvQ02CN8h4KliXcZfWAmIP2fi5RaetLQ3wjqJvyscAVpCrY1NUICzs7lTlbJNtHQgJCgluACDbVE4lAA==;",
              "HostName=tfex-cosmos-db-31154.cassandra.cosmos.azure.com;Username=tfex-cosmos-db-31154;Password=C2A2lQkldr8Rx6Uzw6p85GtL5tpBlBx79PB8KShzbQ0q1Zk8xTWzmLisViXYwFagSenr8PoPnEN4ACDbnKKI5g==;Port=10350",
              "HostName=tfex-cosmos-db-31154.cassandra.cosmos.azure.com;Username=tfex-cosmos-db-31154;Password=RvR4DbYUx3LfjPGRzDPOTkIruGggzqaEGrsWzxUcphwtcNsvryJgCIY4M4VPPgq0pmp7GCTeBu6HACDbt8Csvw==;Port=10350",
              "HostName=tfex-cosmos-db-31154.cassandra.cosmos.azure.com;Username=tfex-cosmos-db-31154;Password=58bAYo9hDLm0zEVy5lTKKynXwQ7ag5tSxDHNh8YXhTLBLHEh3ioHvSuXd2tUbkDFEwr7g5o2tW3mACDbMb7ypA==;Port=10350",
              "HostName=tfex-cosmos-db-31154.cassandra.cosmos.azure.com;Username=tfex-cosmos-db-31154;Password=UlOSpDEvQ02CN8h4KliXcZfWAmIP2fi5RaetLQ3wjqJvyscAVpCrY1NUICzs7lTlbJNtHQgJCgluACDbVE4lAA==;Port=10350"
            ],
            "consistency_policy": [
              {
                "consistency_level": "BoundedStaleness",
                "max_interval_in_seconds": 300,
                "max_staleness_prefix": 100000
              }
            ],
            "cors_rule": [],
            "create_mode": "",
            "default_identity_type": "FirstPartyIdentity",
            "enable_automatic_failover": true,
            "enable_free_tier": true,
            "enable_multiple_write_locations": false,
            "endpoint": "https://tfex-cosmos-db-31154.documents.azure.com:443/",
            "geo_location": [
              {
                "failover_priority": 0,
                "id": "tfex-cosmos-db-31154-westus",
                "location": "westus",
                "zone_redundant": false
              },
              {
                "failover_priority": 1,
                "id": "tfex-cosmos-db-31154-eastus",
                "location": "eastus",
                "zone_redundant": false
              }
            ],
            "id": "/subscriptions/31d8ad8f-6959-4ae5-b073-66688d1cf110/resourceGroups/ic4302-project1bdii/providers/Microsoft.DocumentDB/databaseAccounts/tfex-cosmos-db-31154",
            "identity": [],
            "ip_range_filter": "0.0.0.0",
            "is_virtual_network_filter_enabled": false,
            "key_vault_key_id": null,
            "kind": "GlobalDocumentDB",
            "local_authentication_disabled": false,
            "location": "eastus",
            "mongo_server_version": null,
            "name": "tfex-cosmos-db-31154",
            "network_acl_bypass_for_azure_services": false,
            "network_acl_bypass_ids": [],
            "offer_type": "Standard",
            "primary_key": "C2A2lQkldr8Rx6Uzw6p85GtL5tpBlBx79PB8KShzbQ0q1Zk8xTWzmLisViXYwFagSenr8PoPnEN4ACDbnKKI5g==",
            "primary_readonly_key": "58bAYo9hDLm0zEVy5lTKKynXwQ7ag5tSxDHNh8YXhTLBLHEh3ioHvSuXd2tUbkDFEwr7g5o2tW3mACDbMb7ypA==",
            "primary_readonly_sql_connection_string": "AccountEndpoint=https://tfex-cosmos-db-31154.documents.azure.com:443/;AccountKey=58bAYo9hDLm0zEVy5lTKKynXwQ7ag5tSxDHNh8YXhTLBLHEh3ioHvSuXd2tUbkDFEwr7g5o2tW3mACDbMb7ypA==;",
            "primary_sql_connection_string": "AccountEndpoint=https://tfex-cosmos-db-31154.documents.azure.com:443/;AccountKey=C2A2lQkldr8Rx6Uzw6p85GtL5tpBlBx79PB8KShzbQ0q1Zk8xTWzmLisViXYwFagSenr8PoPnEN4ACDbnKKI5g==;",
            "public_network_access_enabled": true,
            "read_endpoints": [
              "https://tfex-cosmos-db-31154-westus.documents.azure.com:443/",
              "https://tfex-cosmos-db-31154-eastus.documents.azure.com:443/"
            ],
            "resource_group_name": "ic4302-project1bdii",
            "restore": [],
            "secondary_key": "RvR4DbYUx3LfjPGRzDPOTkIruGggzqaEGrsWzxUcphwtcNsvryJgCIY4M4VPPgq0pmp7GCTeBu6HACDbt8Csvw==",
            "secondary_readonly_key": "UlOSpDEvQ02CN8h4KliXcZfWAmIP2fi5RaetLQ3wjqJvyscAVpCrY1NUICzs7lTlbJNtHQgJCgluACDbVE4lAA==",
            "secondary_readonly_sql_connection_string": "AccountEndpoint=https://tfex-cosmos-db-31154.documents.azure.com:443/;AccountKey=UlOSpDEvQ02CN8h4KliXcZfWAmIP2fi5RaetLQ3wjqJvyscAVpCrY1NUICzs7lTlbJNtHQgJCgluACDbVE4lAA==;",
            "secondary_sql_connection_string": "AccountEndpoint=https://tfex-cosmos-db-31154.documents.azure.com:443/;AccountKey=RvR4DbYUx3LfjPGRzDPOTkIruGggzqaEGrsWzxUcphwtcNsvryJgCIY4M4VPPgq0pmp7GCTeBu6HACDbt8Csvw==;",
            "tags": {},
            "timeouts": null,
            "virtual_network_rule": [],
            "write_endpoints": [
              "https://tfex-cosmos-db-31154-westus.documents.azure.com:443/"
            ]
          },
          "sensitive_attributes": [],
          "private": "eyJlMmJmYjczMC1lY2FhLTExZTYtOGY4OC0zNDM2M2JjN2M0YzAiOnsiY3JlYXRlIjoxMDgwMDAwMDAwMDAwMCwiZGVsZXRlIjoxMDgwMDAwMDAwMDAwMCwicmVhZCI6MzAwMDAwMDAwMDAwLCJ1cGRhdGUiOjEwODAwMDAwMDAwMDAwfX0=",
          "dependencies": [
            "azurerm_resource_group.main",
            "random_integer.ri"
          ]
        }
      ]
    },
    {
      "mode": "managed",
      "type": "azurerm_cosmosdb_cassandra_keyspace",
      "name": "main",
      "provider": "provider[\"registry.terraform.io/hashicorp/azurerm\"]",
      "instances": [
        {
          "schema_version": 1,
          "attributes": {
            "account_name": "tfex-cosmos-db-31154",
            "autoscale_settings": [],
            "id": "/subscriptions/31d8ad8f-6959-4ae5-b073-66688d1cf110/resourceGroups/ic4302-project1bdii/providers/Microsoft.DocumentDB/databaseAccounts/tfex-cosmos-db-31154/cassandraKeyspaces/tfex-cosmos-cassandra-keyspace",
            "name": "tfex-cosmos-cassandra-keyspace",
            "resource_group_name": "ic4302-project1bdii",
            "throughput": 400,
            "timeouts": null
          },
          "sensitive_attributes": [],
          "private": "eyJlMmJmYjczMC1lY2FhLTExZTYtOGY4OC0zNDM2M2JjN2M0YzAiOnsiY3JlYXRlIjoxODAwMDAwMDAwMDAwLCJkZWxldGUiOjE4MDAwMDAwMDAwMDAsInJlYWQiOjMwMDAwMDAwMDAwMCwidXBkYXRlIjoxODAwMDAwMDAwMDAwfSwic2NoZW1hX3ZlcnNpb24iOiIxIn0=",
          "dependencies": [
            "azurerm_cosmosdb_account.main",
            "azurerm_resource_group.main",
            "random_integer.ri"
          ]
        }
      ]
    },
    {
      "mode": "managed",
      "type": "azurerm_cosmosdb_cassandra_table",
      "name": "main",
      "provider": "provider[\"registry.terraform.io/hashicorp/azurerm\"]",
      "instances": [
        {
          "schema_version": 0,
          "attributes": {
            "analytical_storage_ttl": 0,
            "autoscale_settings": [],
            "cassandra_keyspace_id": "/subscriptions/31d8ad8f-6959-4ae5-b073-66688d1cf110/resourceGroups/ic4302-project1bdii/providers/Microsoft.DocumentDB/databaseAccounts/tfex-cosmos-db-31154/cassandraKeyspaces/tfex-cosmos-cassandra-keyspace",
            "default_ttl": 0,
            "id": "/subscriptions/31d8ad8f-6959-4ae5-b073-66688d1cf110/resourceGroups/ic4302-project1bdii/providers/Microsoft.DocumentDB/databaseAccounts/tfex-cosmos-db-31154/cassandraKeyspaces/tfex-cosmos-cassandra-keyspace/tables/userlogs",
            "name": "userlogs",
            "schema": [
              {
                "cluster_key": [],
                "column": [
                  {
                    "name": "logline",
                    "type": "varchar"
                  },
                  {
                    "name": "user_id",
                    "type": "varchar"
                  }
                ],
                "partition_key": [
                  {
                    "name": "user_id"
                  }
                ]
              }
            ],
            "throughput": 0,
            "timeouts": null
          },
          "sensitive_attributes": [],
          "private": "eyJlMmJmYjczMC1lY2FhLTExZTYtOGY4OC0zNDM2M2JjN2M0YzAiOnsiY3JlYXRlIjoxODAwMDAwMDAwMDAwLCJkZWxldGUiOjE4MDAwMDAwMDAwMDAsInJlYWQiOjMwMDAwMDAwMDAwMCwidXBkYXRlIjoxODAwMDAwMDAwMDAwfX0=",
          "dependencies": [
            "azurerm_cosmosdb_account.main",
            "azurerm_cosmosdb_cassandra_keyspace.main",
            "azurerm_resource_group.main",
            "random_integer.ri"
          ]
        }
      ]
    },
    {
      "mode": "managed",
      "type": "azurerm_log_analytics_workspace",
      "name": "main",
      "provider": "provider[\"registry.terraform.io/hashicorp/azurerm\"]",
      "instances": [
        {
          "schema_version": 3,
          "attributes": {
            "allow_resource_only_permissions": true,
            "cmk_for_query_forced": false,
            "daily_quota_gb": -1,
            "id": "/subscriptions/31d8ad8f-6959-4ae5-b073-66688d1cf110/resourceGroups/ic4302-project1bdii/providers/Microsoft.OperationalInsights/workspaces/main-app",
            "internet_ingestion_enabled": true,
            "internet_query_enabled": true,
            "local_authentication_disabled": false,
            "location": "eastus",
            "name": "main-app",
            "primary_shared_key": "E3qEeSR4imEArc5hZXMFpnCTtIWgG0zEkUtbyP/VP2ois2pdEQWOuAj768uLQ4CLKYWZMZ04w2sTlgnK3LVCAg==",
            "reservation_capacity_in_gb_per_day": null,
            "resource_group_name": "ic4302-project1bdii",
            "retention_in_days": 30,
            "secondary_shared_key": "0XC4mvUnCSQ+6/cEl4grSFdwZ2DP4Ec4Y4Xhn2DrJQbU41z/YN0NvLT/PauvTkJ9ATABnZS0Y0ZAbnVgxWcXjA==",
            "sku": "PerGB2018",
            "tags": {},
            "timeouts": null,
            "workspace_id": "c047dd73-07da-410b-9951-606224252778"
          },
          "sensitive_attributes": [],
          "private": "eyJlMmJmYjczMC1lY2FhLTExZTYtOGY4OC0zNDM2M2JjN2M0YzAiOnsiY3JlYXRlIjoxODAwMDAwMDAwMDAwLCJkZWxldGUiOjE4MDAwMDAwMDAwMDAsInJlYWQiOjMwMDAwMDAwMDAwMCwidXBkYXRlIjoxODAwMDAwMDAwMDAwfSwic2NoZW1hX3ZlcnNpb24iOiIzIn0=",
          "dependencies": [
            "azurerm_resource_group.main"
          ]
        }
      ]
    },
    {
      "mode": "managed",
      "type": "azurerm_mssql_database",
      "name": "main",
      "provider": "provider[\"registry.terraform.io/hashicorp/azurerm\"]",
      "instances": [
        {
          "schema_version": 1,
          "attributes": {
            "auto_pause_delay_in_minutes": 0,
            "collation": "SQL_Latin1_General_CP1_CI_AS",
            "create_mode": "Default",
            "creation_source_database_id": null,
            "elastic_pool_id": "",
            "geo_backup_enabled": true,
            "id": "/subscriptions/31d8ad8f-6959-4ae5-b073-66688d1cf110/resourceGroups/ic4302-project1bdii/providers/Microsoft.Sql/servers/project1bdii-sqlserver/databases/db01",
            "import": [],
            "ledger_enabled": false,
            "license_type": "LicenseIncluded",
            "long_term_retention_policy": [
              {
                "monthly_retention": "PT0S",
                "week_of_year": 1,
                "weekly_retention": "PT0S",
                "yearly_retention": "PT0S"
              }
            ],
            "maintenance_configuration_name": "SQL_Default",
            "max_size_gb": 2,
            "min_capacity": 0,
            "name": "db01",
            "read_replica_count": 0,
            "read_scale": false,
            "recover_database_id": null,
            "restore_dropped_database_id": null,
            "restore_point_in_time": null,
            "sample_name": null,
            "server_id": "/subscriptions/31d8ad8f-6959-4ae5-b073-66688d1cf110/resourceGroups/ic4302-project1bdii/providers/Microsoft.Sql/servers/project1bdii-sqlserver",
            "short_term_retention_policy": [
              {
                "backup_interval_in_hours": 24,
                "retention_days": 7
              }
            ],
            "sku_name": "S0",
            "storage_account_type": "Geo",
            "tags": {},
            "threat_detection_policy": [
              {
                "disabled_alerts": [],
                "email_account_admins": "Disabled",
                "email_addresses": [],
                "retention_days": 0,
                "state": "Disabled",
                "storage_account_access_key": "",
                "storage_endpoint": ""
              }
            ],
            "timeouts": null,
            "transparent_data_encryption_enabled": true,
            "zone_redundant": false
          },
          "sensitive_attributes": [],
          "private": "eyJlMmJmYjczMC1lY2FhLTExZTYtOGY4OC0zNDM2M2JjN2M0YzAiOnsiY3JlYXRlIjozNjAwMDAwMDAwMDAwLCJkZWxldGUiOjM2MDAwMDAwMDAwMDAsInJlYWQiOjMwMDAwMDAwMDAwMCwidXBkYXRlIjozNjAwMDAwMDAwMDAwfSwic2NoZW1hX3ZlcnNpb24iOiIxIn0=",
          "dependencies": [
            "azurerm_mssql_server.main",
            "azurerm_resource_group.main"
          ]
        }
      ]
    },
    {
      "mode": "managed",
      "type": "azurerm_mssql_firewall_rule",
      "name": "main",
      "provider": "provider[\"registry.terraform.io/hashicorp/azurerm\"]",
      "instances": [
        {
          "schema_version": 0,
          "attributes": {
            "end_ip_address": "0.0.0.0",
            "id": "/subscriptions/31d8ad8f-6959-4ae5-b073-66688d1cf110/resourceGroups/ic4302-project1bdii/providers/Microsoft.Sql/servers/project1bdii-sqlserver/firewallRules/Access From Internet",
            "name": "Access From Internet",
            "server_id": "/subscriptions/31d8ad8f-6959-4ae5-b073-66688d1cf110/resourceGroups/ic4302-project1bdii/providers/Microsoft.Sql/servers/project1bdii-sqlserver",
            "start_ip_address": "0.0.0.0",
            "timeouts": null
          },
          "sensitive_attributes": [],
          "private": "eyJlMmJmYjczMC1lY2FhLTExZTYtOGY4OC0zNDM2M2JjN2M0YzAiOnsiY3JlYXRlIjoxODAwMDAwMDAwMDAwLCJkZWxldGUiOjE4MDAwMDAwMDAwMDAsInJlYWQiOjMwMDAwMDAwMDAwMCwidXBkYXRlIjoxODAwMDAwMDAwMDAwfX0=",
          "dependencies": [
            "azurerm_mssql_server.main",
            "azurerm_resource_group.main"
          ]
        }
      ]
    },
    {
      "mode": "managed",
      "type": "azurerm_mssql_server",
      "name": "main",
      "provider": "provider[\"registry.terraform.io/hashicorp/azurerm\"]",
      "instances": [
        {
          "schema_version": 0,
          "attributes": {
            "administrator_login": "el-adm1n",
            "administrator_login_password": "dT-Dog01@-bla",
            "azuread_administrator": [],
            "connection_policy": "Default",
            "fully_qualified_domain_name": "project1bdii-sqlserver.database.windows.net",
            "id": "/subscriptions/31d8ad8f-6959-4ae5-b073-66688d1cf110/resourceGroups/ic4302-project1bdii/providers/Microsoft.Sql/servers/project1bdii-sqlserver",
            "identity": [],
            "location": "eastus",
            "minimum_tls_version": "1.2",
            "name": "project1bdii-sqlserver",
            "outbound_network_restriction_enabled": false,
            "primary_user_assigned_identity_id": "",
            "public_network_access_enabled": true,
            "resource_group_name": "ic4302-project1bdii",
            "restorable_dropped_database_ids": [],
            "tags": {},
            "timeouts": null,
            "version": "12.0"
          },
          "sensitive_attributes": [],
          "private": "eyJlMmJmYjczMC1lY2FhLTExZTYtOGY4OC0zNDM2M2JjN2M0YzAiOnsiY3JlYXRlIjozNjAwMDAwMDAwMDAwLCJkZWxldGUiOjM2MDAwMDAwMDAwMDAsInJlYWQiOjMwMDAwMDAwMDAwMCwidXBkYXRlIjozNjAwMDAwMDAwMDAwfX0=",
          "dependencies": [
            "azurerm_resource_group.main"
          ]
        }
      ]
    },
    {
      "mode": "managed",
      "type": "azurerm_network_interface",
      "name": "main",
      "provider": "provider[\"registry.terraform.io/hashicorp/azurerm\"]",
      "instances": [
        {
          "schema_version": 0,
          "attributes": {
            "applied_dns_servers": [],
            "dns_servers": [],
            "edge_zone": "",
            "enable_accelerated_networking": false,
            "enable_ip_forwarding": false,
            "id": "/subscriptions/31d8ad8f-6959-4ae5-b073-66688d1cf110/resourceGroups/ic4302-project1bdii/providers/Microsoft.Network/networkInterfaces/project1bdii-nic",
            "internal_dns_name_label": "",
            "internal_domain_name_suffix": "j0avld4pbsdefgf5crutzjxojd.bx.internal.cloudapp.net",
            "ip_configuration": [
              {
                "gateway_load_balancer_frontend_ip_configuration_id": "",
                "name": "main",
                "primary": true,
                "private_ip_address": "10.0.2.4",
                "private_ip_address_allocation": "Dynamic",
                "private_ip_address_version": "IPv4",
                "public_ip_address_id": "/subscriptions/31d8ad8f-6959-4ae5-b073-66688d1cf110/resourceGroups/ic4302-project1bdii/providers/Microsoft.Network/publicIPAddresses/project1bdii-ip",
                "subnet_id": "/subscriptions/31d8ad8f-6959-4ae5-b073-66688d1cf110/resourceGroups/ic4302-project1bdii/providers/Microsoft.Network/virtualNetworks/project1bdii-network/subnets/main"
              }
            ],
            "location": "eastus",
            "mac_address": "60-45-BD-D8-6B-7F",
            "name": "project1bdii-nic",
            "private_ip_address": "10.0.2.4",
            "private_ip_addresses": [
              "10.0.2.4"
            ],
            "resource_group_name": "ic4302-project1bdii",
            "tags": {},
            "timeouts": null,
            "virtual_machine_id": "/subscriptions/31d8ad8f-6959-4ae5-b073-66688d1cf110/resourceGroups/ic4302-project1bdii/providers/Microsoft.Compute/virtualMachines/project1bdii-vm"
          },
          "sensitive_attributes": [],
          "private": "eyJlMmJmYjczMC1lY2FhLTExZTYtOGY4OC0zNDM2M2JjN2M0YzAiOnsiY3JlYXRlIjoxODAwMDAwMDAwMDAwLCJkZWxldGUiOjE4MDAwMDAwMDAwMDAsInJlYWQiOjMwMDAwMDAwMDAwMCwidXBkYXRlIjoxODAwMDAwMDAwMDAwfX0=",
          "dependencies": [
            "azurerm_public_ip.main",
            "azurerm_resource_group.main",
            "azurerm_subnet.main",
            "azurerm_virtual_network.main"
          ]
        }
      ]
    },
    {
      "mode": "managed",
      "type": "azurerm_public_ip",
      "name": "main",
      "provider": "provider[\"registry.terraform.io/hashicorp/azurerm\"]",
      "instances": [
        {
          "schema_version": 0,
          "attributes": {
            "allocation_method": "Static",
            "ddos_protection_mode": "VirtualNetworkInherited",
            "ddos_protection_plan_id": null,
            "domain_name_label": null,
            "edge_zone": "",
            "fqdn": null,
            "id": "/subscriptions/31d8ad8f-6959-4ae5-b073-66688d1cf110/resourceGroups/ic4302-project1bdii/providers/Microsoft.Network/publicIPAddresses/project1bdii-ip",
            "idle_timeout_in_minutes": 4,
            "ip_address": "52.188.19.24",
            "ip_tags": {},
            "ip_version": "IPv4",
            "location": "eastus",
            "name": "project1bdii-ip",
            "public_ip_prefix_id": null,
            "resource_group_name": "ic4302-project1bdii",
            "reverse_fqdn": null,
            "sku": "Basic",
            "sku_tier": "Regional",
            "tags": {},
            "timeouts": null,
            "zones": []
          },
          "sensitive_attributes": [],
          "private": "eyJlMmJmYjczMC1lY2FhLTExZTYtOGY4OC0zNDM2M2JjN2M0YzAiOnsiY3JlYXRlIjoxODAwMDAwMDAwMDAwLCJkZWxldGUiOjE4MDAwMDAwMDAwMDAsInJlYWQiOjMwMDAwMDAwMDAwMCwidXBkYXRlIjoxODAwMDAwMDAwMDAwfX0=",
          "dependencies": [
            "azurerm_resource_group.main"
          ]
        }
      ]
    },
    {
      "mode": "managed",
      "type": "azurerm_resource_group",
      "name": "main",
      "provider": "provider[\"registry.terraform.io/hashicorp/azurerm\"]",
      "instances": [
        {
          "schema_version": 0,
          "attributes": {
            "id": "/subscriptions/31d8ad8f-6959-4ae5-b073-66688d1cf110/resourceGroups/ic4302-project1bdii",
            "location": "eastus",
            "name": "ic4302-project1bdii",
            "tags": {},
            "timeouts": null
          },
          "sensitive_attributes": [],
          "private": "eyJlMmJmYjczMC1lY2FhLTExZTYtOGY4OC0zNDM2M2JjN2M0YzAiOnsiY3JlYXRlIjo1NDAwMDAwMDAwMDAwLCJkZWxldGUiOjU0MDAwMDAwMDAwMDAsInJlYWQiOjMwMDAwMDAwMDAwMCwidXBkYXRlIjo1NDAwMDAwMDAwMDAwfX0="
        }
      ]
    },
    {
      "mode": "managed",
      "type": "azurerm_role_assignment",
      "name": "main",
      "provider": "provider[\"registry.terraform.io/hashicorp/azurerm\"]",
      "instances": [
        {
          "schema_version": 0,
          "attributes": {
            "condition": "",
            "condition_version": "",
            "delegated_managed_identity_resource_id": "",
            "description": "",
            "id": "/subscriptions/31d8ad8f-6959-4ae5-b073-66688d1cf110/providers/Microsoft.Authorization/roleAssignments/defd6120-fe46-32f8-0c83-9f1ed4dca0fc",
            "name": "defd6120-fe46-32f8-0c83-9f1ed4dca0fc",
            "principal_id": "c7b4fbc7-56aa-4393-a2ca-183e95250a73",
            "principal_type": "ServicePrincipal",
            "role_definition_id": "/subscriptions/31d8ad8f-6959-4ae5-b073-66688d1cf110/providers/Microsoft.Authorization/roleDefinitions/8e3af657-a8ff-443c-a75c-2fe8c4bcb635",
            "role_definition_name": "Owner",
            "scope": "/subscriptions/31d8ad8f-6959-4ae5-b073-66688d1cf110",
            "skip_service_principal_aad_check": null,
            "timeouts": null
          },
          "sensitive_attributes": [],
          "private": "eyJlMmJmYjczMC1lY2FhLTExZTYtOGY4OC0zNDM2M2JjN2M0YzAiOnsiY3JlYXRlIjoxODAwMDAwMDAwMDAwLCJkZWxldGUiOjE4MDAwMDAwMDAwMDAsInJlYWQiOjMwMDAwMDAwMDAwMCwidXBkYXRlIjoxODAwMDAwMDAwMDAwfX0=",
          "dependencies": [
            "azurerm_resource_group.main",
            "azurerm_user_assigned_identity.main",
            "data.azurerm_subscription.main"
          ]
        }
      ]
    },
    {
      "mode": "managed",
      "type": "azurerm_storage_account",
      "name": "main",
      "provider": "provider[\"registry.terraform.io/hashicorp/azurerm\"]",
      "instances": [
        {
          "schema_version": 3,
          "attributes": {
            "access_tier": "Hot",
            "account_kind": "StorageV2",
            "account_replication_type": "LRS",
            "account_tier": "Standard",
            "allow_nested_items_to_be_public": true,
            "allowed_copy_scope": "",
            "azure_files_authentication": [],
            "blob_properties": [
              {
                "change_feed_enabled": false,
                "change_feed_retention_in_days": 0,
                "container_delete_retention_policy": [],
                "cors_rule": [],
                "default_service_version": "",
                "delete_retention_policy": [],
                "last_access_time_enabled": false,
                "restore_policy": [],
                "versioning_enabled": false
              }
            ],
            "cross_tenant_replication_enabled": true,
            "custom_domain": [],
            "customer_managed_key": [],
            "default_to_oauth_authentication": false,
            "edge_zone": "",
            "enable_https_traffic_only": true,
            "id": "/subscriptions/31d8ad8f-6959-4ae5-b073-66688d1cf110/resourceGroups/ic4302-project1bdii/providers/Microsoft.Storage/storageAccounts/filesmanagerproject1bdii",
            "identity": [],
            "immutability_policy": [],
            "infrastructure_encryption_enabled": false,
            "is_hns_enabled": false,
            "large_file_share_enabled": null,
            "location": "eastus",
            "min_tls_version": "TLS1_2",
            "name": "filesmanagerproject1bdii",
            "network_rules": [
              {
                "bypass": [
                  "AzureServices"
                ],
                "default_action": "Allow",
                "ip_rules": [],
                "private_link_access": [],
                "virtual_network_subnet_ids": []
              }
            ],
            "nfsv3_enabled": false,
            "primary_access_key": "3muCP+ypKT2fypBb6QZyTndzRabzcrHzkVNK5LFBBfClp1+IXwhRpWs8N0HJUZ+0EHba/I3rQoJ0+ASt7S2ejA==",
            "primary_blob_connection_string": "DefaultEndpointsProtocol=https;BlobEndpoint=https://filesmanagerproject1bdii.blob.core.windows.net/;AccountName=filesmanagerproject1bdii;AccountKey=3muCP+ypKT2fypBb6QZyTndzRabzcrHzkVNK5LFBBfClp1+IXwhRpWs8N0HJUZ+0EHba/I3rQoJ0+ASt7S2ejA==",
            "primary_blob_endpoint": "https://filesmanagerproject1bdii.blob.core.windows.net/",
            "primary_blob_host": "filesmanagerproject1bdii.blob.core.windows.net",
            "primary_connection_string": "DefaultEndpointsProtocol=https;AccountName=filesmanagerproject1bdii;AccountKey=3muCP+ypKT2fypBb6QZyTndzRabzcrHzkVNK5LFBBfClp1+IXwhRpWs8N0HJUZ+0EHba/I3rQoJ0+ASt7S2ejA==;EndpointSuffix=core.windows.net",
            "primary_dfs_endpoint": "https://filesmanagerproject1bdii.dfs.core.windows.net/",
            "primary_dfs_host": "filesmanagerproject1bdii.dfs.core.windows.net",
            "primary_file_endpoint": "https://filesmanagerproject1bdii.file.core.windows.net/",
            "primary_file_host": "filesmanagerproject1bdii.file.core.windows.net",
            "primary_location": "eastus",
            "primary_queue_endpoint": "https://filesmanagerproject1bdii.queue.core.windows.net/",
            "primary_queue_host": "filesmanagerproject1bdii.queue.core.windows.net",
            "primary_table_endpoint": "https://filesmanagerproject1bdii.table.core.windows.net/",
            "primary_table_host": "filesmanagerproject1bdii.table.core.windows.net",
            "primary_web_endpoint": "https://filesmanagerproject1bdii.z13.web.core.windows.net/",
            "primary_web_host": "filesmanagerproject1bdii.z13.web.core.windows.net",
            "public_network_access_enabled": true,
            "queue_encryption_key_type": "Service",
            "queue_properties": [
              {
                "cors_rule": [],
                "hour_metrics": [
                  {
                    "enabled": true,
                    "include_apis": true,
                    "retention_policy_days": 7,
                    "version": "1.0"
                  }
                ],
                "logging": [
                  {
                    "delete": false,
                    "read": false,
                    "retention_policy_days": 0,
                    "version": "1.0",
                    "write": false
                  }
                ],
                "minute_metrics": [
                  {
                    "enabled": false,
                    "include_apis": false,
                    "retention_policy_days": 0,
                    "version": "1.0"
                  }
                ]
              }
            ],
            "resource_group_name": "ic4302-project1bdii",
            "routing": [],
            "sas_policy": [],
            "secondary_access_key": "l8FwxugMR8YSg7EfQemnpgcWhkBwSpTzMZpTvXoQ19yeRndkwEUd9l3ux9DkGJITCiWTvxDOeK5K+AStxfkPzQ==",
            "secondary_blob_connection_string": "",
            "secondary_blob_endpoint": null,
            "secondary_blob_host": null,
            "secondary_connection_string": "DefaultEndpointsProtocol=https;AccountName=filesmanagerproject1bdii;AccountKey=l8FwxugMR8YSg7EfQemnpgcWhkBwSpTzMZpTvXoQ19yeRndkwEUd9l3ux9DkGJITCiWTvxDOeK5K+AStxfkPzQ==;EndpointSuffix=core.windows.net",
            "secondary_dfs_endpoint": null,
            "secondary_dfs_host": null,
            "secondary_file_endpoint": null,
            "secondary_file_host": null,
            "secondary_location": "",
            "secondary_queue_endpoint": null,
            "secondary_queue_host": null,
            "secondary_table_endpoint": null,
            "secondary_table_host": null,
            "secondary_web_endpoint": null,
            "secondary_web_host": null,
            "sftp_enabled": false,
            "share_properties": [
              {
                "cors_rule": [],
                "retention_policy": [
                  {
                    "days": 7
                  }
                ],
                "smb": []
              }
            ],
            "shared_access_key_enabled": true,
            "static_website": [],
            "table_encryption_key_type": "Service",
            "tags": {},
            "timeouts": null
          },
          "sensitive_attributes": [],
          "private": "eyJlMmJmYjczMC1lY2FhLTExZTYtOGY4OC0zNDM2M2JjN2M0YzAiOnsiY3JlYXRlIjozNjAwMDAwMDAwMDAwLCJkZWxldGUiOjM2MDAwMDAwMDAwMDAsInJlYWQiOjMwMDAwMDAwMDAwMCwidXBkYXRlIjozNjAwMDAwMDAwMDAwfSwic2NoZW1hX3ZlcnNpb24iOiIzIn0=",
          "dependencies": [
            "azurerm_resource_group.main"
          ]
        }
      ]
    },
    {
      "mode": "managed",
      "type": "azurerm_storage_container",
      "name": "main",
      "provider": "provider[\"registry.terraform.io/hashicorp/azurerm\"]",
      "instances": [
        {
          "schema_version": 1,
          "attributes": {
            "container_access_type": "private",
            "has_immutability_policy": false,
            "has_legal_hold": false,
            "id": "https://filesmanagerproject1bdii.blob.core.windows.net/documents",
            "metadata": {},
            "name": "documents",
            "resource_manager_id": "/subscriptions/31d8ad8f-6959-4ae5-b073-66688d1cf110/resourceGroups/ic4302-project1bdii/providers/Microsoft.Storage/storageAccounts/filesmanagerproject1bdii/blobServices/default/containers/documents",
            "storage_account_name": "filesmanagerproject1bdii",
            "timeouts": null
          },
          "sensitive_attributes": [],
          "private": "eyJlMmJmYjczMC1lY2FhLTExZTYtOGY4OC0zNDM2M2JjN2M0YzAiOnsiY3JlYXRlIjoxODAwMDAwMDAwMDAwLCJkZWxldGUiOjE4MDAwMDAwMDAwMDAsInJlYWQiOjMwMDAwMDAwMDAwMCwidXBkYXRlIjoxODAwMDAwMDAwMDAwfSwic2NoZW1hX3ZlcnNpb24iOiIxIn0=",
          "dependencies": [
            "azurerm_resource_group.main",
            "azurerm_storage_account.main"
          ]
        }
      ]
    },
    {
      "mode": "managed",
      "type": "azurerm_subnet",
      "name": "main",
      "provider": "provider[\"registry.terraform.io/hashicorp/azurerm\"]",
      "instances": [
        {
          "schema_version": 0,
          "attributes": {
            "address_prefixes": [
              "10.0.2.0/24"
            ],
            "delegation": [],
            "enforce_private_link_endpoint_network_policies": false,
            "enforce_private_link_service_network_policies": false,
            "id": "/subscriptions/31d8ad8f-6959-4ae5-b073-66688d1cf110/resourceGroups/ic4302-project1bdii/providers/Microsoft.Network/virtualNetworks/project1bdii-network/subnets/main",
            "name": "main",
            "private_endpoint_network_policies_enabled": true,
            "private_link_service_network_policies_enabled": true,
            "resource_group_name": "ic4302-project1bdii",
            "service_endpoint_policy_ids": [],
            "service_endpoints": [],
            "timeouts": null,
            "virtual_network_name": "project1bdii-network"
          },
          "sensitive_attributes": [],
          "private": "eyJlMmJmYjczMC1lY2FhLTExZTYtOGY4OC0zNDM2M2JjN2M0YzAiOnsiY3JlYXRlIjoxODAwMDAwMDAwMDAwLCJkZWxldGUiOjE4MDAwMDAwMDAwMDAsInJlYWQiOjMwMDAwMDAwMDAwMCwidXBkYXRlIjoxODAwMDAwMDAwMDAwfX0=",
          "dependencies": [
            "azurerm_resource_group.main",
            "azurerm_virtual_network.main"
          ]
        }
      ]
    },
    {
      "mode": "managed",
      "type": "azurerm_user_assigned_identity",
      "name": "main",
      "provider": "provider[\"registry.terraform.io/hashicorp/azurerm\"]",
      "instances": [
        {
          "schema_version": 1,
          "attributes": {
            "client_id": "6be2d535-f5e9-4f14-9f6b-7e56c8194fb8",
            "id": "/subscriptions/31d8ad8f-6959-4ae5-b073-66688d1cf110/resourceGroups/ic4302-project1bdii/providers/Microsoft.ManagedIdentity/userAssignedIdentities/owneraccess",
            "location": "eastus",
            "name": "owneraccess",
            "principal_id": "c7b4fbc7-56aa-4393-a2ca-183e95250a73",
            "resource_group_name": "ic4302-project1bdii",
            "tags": {},
            "tenant_id": "bfcf1d9d-93ea-43b1-b902-1daa68a64248",
            "timeouts": null
          },
          "sensitive_attributes": [],
          "private": "eyJlMmJmYjczMC1lY2FhLTExZTYtOGY4OC0zNDM2M2JjN2M0YzAiOnsiY3JlYXRlIjoxODAwMDAwMDAwMDAwLCJkZWxldGUiOjE4MDAwMDAwMDAwMDAsInJlYWQiOjMwMDAwMDAwMDAwMCwidXBkYXRlIjoxODAwMDAwMDAwMDAwfSwic2NoZW1hX3ZlcnNpb24iOiIxIn0=",
          "dependencies": [
            "azurerm_resource_group.main"
          ]
        }
      ]
    },
    {
      "mode": "managed",
      "type": "azurerm_virtual_machine",
      "name": "main",
      "provider": "provider[\"registry.terraform.io/hashicorp/azurerm\"]",
      "instances": [
        {
          "schema_version": 0,
          "attributes": {
            "additional_capabilities": [],
            "availability_set_id": null,
            "boot_diagnostics": [],
            "delete_data_disks_on_termination": false,
            "delete_os_disk_on_termination": false,
            "id": "/subscriptions/31d8ad8f-6959-4ae5-b073-66688d1cf110/resourceGroups/ic4302-project1bdii/providers/Microsoft.Compute/virtualMachines/project1bdii-vm",
            "identity": [],
            "license_type": null,
            "location": "eastus",
            "name": "project1bdii-vm",
            "network_interface_ids": [
              "/subscriptions/31d8ad8f-6959-4ae5-b073-66688d1cf110/resourceGroups/ic4302-project1bdii/providers/Microsoft.Network/networkInterfaces/project1bdii-nic"
            ],
            "os_profile": [
              {
                "admin_password": "",
                "admin_username": "iusr",
                "computer_name": "project1bdii",
                "custom_data": ""
              }
            ],
            "os_profile_linux_config": [
              {
                "disable_password_authentication": true,
                "ssh_keys": [
                  {
                    "key_data": "ssh-rsa AAAAB3NzaC1yc2EAAAADAQABAAABgQDQmwunmHMi4p+W0XFVMQmu7W6Ud+B/pkzvOpesIQhap0kVp9JVpxdVEYr03CglqRsdpBhi6jeobrRrc+9Z4UwtDUkiejJX1lXuH/NEXonk2UeZ13p36tPWf7nDvuhzZG/PZT2KZHV2DU6TQdiDc8f/hZlvZXvez82N0O5hxIr1XXlkDkUdJNfgpjiLSJtKpovCNpxq7eUtO92sULtw/V4bSNchBAlHFDi1yQRN8hGkSWJFiaQZ1J/y5Ag60h0sv8RdKGGT9nXCWDqz1fiPvPvlDRErq/CKIYkVZ3QGurEGKHOkFk7MOzVpVmU2GMfs5OgjTMG0hkIqS2qAJjikQgV3Gr2+zDT4VlGDzJYiLi+OnkYEkNJATAUGljLfJBnzJjZVGeYkf5gvAlufFtsap7UT0KlUEUCf0ShilDDx1NiFhWP0/SJDxD9CwDvxCp2zbzx8Tqo9RzJSfiwYQYWdnPPtpuimhByTLgHi9MuD7EEcGFLGthu+Nueazr5smA4qeUU= tecaz@ubuntu-s-1vcpu-1gb-nyc3-01\r\n",
                    "path": "/home/iusr/.ssh/authorized_keys"
                  }
                ]
              }
            ],
            "os_profile_secrets": [],
            "os_profile_windows_config": [],
            "plan": [],
            "primary_network_interface_id": null,
            "proximity_placement_group_id": null,
            "resource_group_name": "ic4302-project1bdii",
            "storage_data_disk": [],
            "storage_image_reference": [
              {
                "id": "",
                "offer": "UbuntuServer",
                "publisher": "Canonical",
                "sku": "18.04-LTS",
                "version": "latest"
              }
            ],
            "storage_os_disk": [
              {
                "caching": "ReadWrite",
                "create_option": "FromImage",
                "disk_size_gb": 30,
                "image_uri": "",
                "managed_disk_id": "/subscriptions/31d8ad8f-6959-4ae5-b073-66688d1cf110/resourceGroups/ic4302-project1bdii/providers/Microsoft.Compute/disks/project1bdiivm",
                "managed_disk_type": "Standard_LRS",
                "name": "project1bdiivm",
                "os_type": "Linux",
                "vhd_uri": "",
                "write_accelerator_enabled": false
              }
            ],
            "tags": {},
            "timeouts": null,
            "vm_size": "Standard_B1s",
            "zones": []
          },
          "sensitive_attributes": [],
          "private": "eyJlMmJmYjczMC1lY2FhLTExZTYtOGY4OC0zNDM2M2JjN2M0YzAiOnsiY3JlYXRlIjozNjAwMDAwMDAwMDAwLCJkZWxldGUiOjM2MDAwMDAwMDAwMDAsInJlYWQiOjMwMDAwMDAwMDAwMCwidXBkYXRlIjozNjAwMDAwMDAwMDAwfX0=",
          "dependencies": [
            "azurerm_network_interface.main",
            "azurerm_public_ip.main",
            "azurerm_resource_group.main",
            "azurerm_subnet.main",
            "azurerm_virtual_network.main"
          ]
        }
      ]
    },
    {
      "mode": "managed",
      "type": "azurerm_virtual_network",
      "name": "main",
      "provider": "provider[\"registry.terraform.io/hashicorp/azurerm\"]",
      "instances": [
        {
          "schema_version": 0,
          "attributes": {
            "address_space": [
              "10.0.0.0/16"
            ],
            "bgp_community": "",
            "ddos_protection_plan": [],
            "dns_servers": [],
            "edge_zone": "",
            "flow_timeout_in_minutes": 0,
            "guid": "8f55814e-0ccf-4286-98bf-14693ca6ee4b",
            "id": "/subscriptions/31d8ad8f-6959-4ae5-b073-66688d1cf110/resourceGroups/ic4302-project1bdii/providers/Microsoft.Network/virtualNetworks/project1bdii-network",
            "location": "eastus",
            "name": "project1bdii-network",
            "resource_group_name": "ic4302-project1bdii",
            "subnet": [
              {
                "address_prefix": "10.0.2.0/24",
                "id": "/subscriptions/31d8ad8f-6959-4ae5-b073-66688d1cf110/resourceGroups/ic4302-project1bdii/providers/Microsoft.Network/virtualNetworks/project1bdii-network/subnets/main",
                "name": "main",
                "security_group": ""
              }
            ],
            "tags": {},
            "timeouts": null
          },
          "sensitive_attributes": [],
          "private": "eyJlMmJmYjczMC1lY2FhLTExZTYtOGY4OC0zNDM2M2JjN2M0YzAiOnsiY3JlYXRlIjoxODAwMDAwMDAwMDAwLCJkZWxldGUiOjE4MDAwMDAwMDAwMDAsInJlYWQiOjMwMDAwMDAwMDAwMCwidXBkYXRlIjoxODAwMDAwMDAwMDAwfX0=",
          "dependencies": [
            "azurerm_resource_group.main"
          ]
        }
      ]
    },
    {
      "mode": "managed",
      "type": "random_integer",
      "name": "ri",
      "provider": "provider[\"registry.terraform.io/hashicorp/random\"]",
      "instances": [
        {
          "schema_version": 0,
          "attributes": {
            "id": "31154",
            "keepers": null,
            "max": 99999,
            "min": 10000,
            "result": 31154,
            "seed": null
          },
          "sensitive_attributes": []
        }
      ]
    }
  ],
  "check_results": null
}
